// !$*UTF8*$!
{
	archiveVersion = 1;
	classes = {
	};
	objectVersion = 110;
	objects = {

/* Begin PBXContainerItemProxy section */
		1713D431306155CB003FB40E /* PBXContainerItemProxy */ = {
			isa = PBXContainerItemProxy;
			containerPortal = 1713D419306155CA003FB40E /* Project object */;
			proxyType = 1;
			remoteGlobalIDString = 1713D420306155CA003FB40E;
			remoteInfo = Probly;
		};
		1713D43B306155CB003FB40E /* PBXContainerItemProxy */ = {
			isa = PBXContainerItemProxy;
			containerPortal = 1713D419306155CA003FB40E /* Project object */;
			proxyType = 1;
			remoteGlobalIDString = 1713D420306155CA003FB40E;
			remoteInfo = Probly;
		};
/* End PBXContainerItemProxy section */

/* Begin PBXFileReference section */
		1713D421306155CA003FB40E /* Probly.app */ = {isa = PBXFileReference; explicitFileType = wrapper.application; includeInIndex = 0; path = Probly.app; sourceTree = BUILT_PRODUCTS_DIR; };
		1713D430306155CB003FB40E /* ProblyTests.xctest */ = {isa = PBXFileReference; explicitFileType = wrapper.cfbundle; includeInIndex = 0; path = ProblyTests.xctest; sourceTree = BUILT_PRODUCTS_DIR; };
		1713D43A306155CB003FB40E /* ProblyUITests.xctest */ = {isa = PBXFileReference; explicitFileType = wrapper.cfbundle; includeInIndex = 0; path = ProblyUITests.xctest; sourceTree = BUILT_PRODUCTS_DIR; };
/* End PBXFileReference section */

/* Begin PBXFileSystemSynchronizedRootGroup section */
		1713D423306155CA003FB40E /* Probly */ = {
			isa = PBXFileSystemSynchronizedRootGroup;
			path = Probly;
			sourceTree = "<group>";
		};
		1713D433306155CB003FB40E /* ProblyTests */ = {
			isa = PBXFileSystemSynchronizedRootGroup;
			path = ProblyTests;
			sourceTree = "<group>";
		};
		1713D43D306155CB003FB40E /* ProblyUITests */ = {
			isa = PBXFileSystemSynchronizedRootGroup;
			path = ProblyUITests;
			sourceTree = "<group>";
		};
/* End PBXFileSystemSynchronizedRootGroup section */

/* Begin PBXFrameworksBuildPhase section */
		1713D41E306155CA003FB40E /* Frameworks */ = {
			isa = PBXFrameworksBuildPhase;
			files = (
			);
		};
		1713D42D306155CB003FB40E /* Frameworks */ = {
			isa = PBXFrameworksBuildPhase;
			files = (
			);
		};
		1713D437306155CB003FB40E /* Frameworks */ = {
			isa = PBXFrameworksBuildPhase;
			files = (
			);
		};
/* End PBXFrameworksBuildPhase section */

/* Begin PBXGroup section */
		1713D418306155CA003FB40E = {
			isa = PBXGroup;
			children = (
				1713D423306155CA003FB40E /* Probly */,
				1713D433306155CB003FB40E /* ProblyTests */,
				1713D43D306155CB003FB40E /* ProblyUITests */,
				1713D422306155CA003FB40E /* Products */,
			);
			sourceTree = "<group>";
		};
		1713D422306155CA003FB40E /* Products */ = {
			isa = PBXGroup;
			children = (
				1713D421306155CA003FB40E /* Probly.app */,
				1713D430306155CB003FB40E /* ProblyTests.xctest */,
				1713D43A306155CB003FB40E /* ProblyUITests.xctest */,
			);
			name = Products;
			sourceTree = "<group>";
		};
/* End PBXGroup section */

/* Begin PBXNativeTarget section */
		1713D420306155CA003FB40E /* Probly */ = {
			isa = PBXNativeTarget;
			buildConfigurationList = 1713D442306155CB003FB40E /* Build configuration list for PBXNativeTarget "Probly" */;
			buildPhases = (
				1713D41D306155CA003FB40E /* Sources */,
				1713D41E306155CA003FB40E /* Frameworks */,
				1713D41F306155CA003FB40E /* Resources */,
			);
			buildRules = (
			);
			fileSystemSynchronizedGroups = (
				1713D423306155CA003FB40E /* Probly */,
			);
			name = Probly;
			productName = Probly;
			productReference = 1713D421306155CA003FB40E /* Probly.app */;
			productType = "com.apple.product-type.application";
		};
		1713D42F306155CB003FB40E /* ProblyTests */ = {
			isa = PBXNativeTarget;
			buildConfigurationList = 1713D445306155CB003FB40E /* Build configuration list for PBXNativeTarget "ProblyTests" */;
			buildPhases = (
				1713D42C306155CB003FB40E /* Sources */,
				1713D42D306155CB003FB40E /* Frameworks */,
				1713D42E306155CB003FB40E /* Resources */,
			);
			buildRules = (
			);
			dependencies = (
				1713D432306155CB003FB40E /* PBXTargetDependency */,
			);
			fileSystemSynchronizedGroups = (
				1713D433306155CB003FB40E /* ProblyTests */,
			);
			name = ProblyTests;
			productName = ProblyTests;
			productReference = 1713D430306155CB003FB40E /* ProblyTests.xctest */;
			productType = "com.apple.product-type.bundle.unit-test";
		};
		1713D439306155CB003FB40E /* ProblyUITests */ = {
			isa = PBXNativeTarget;
			buildConfigurationList = 1713D448306155CB003FB40E /* Build configuration list for PBXNativeTarget "ProblyUITests" */;
			buildPhases = (
				1713D436306155CB003FB40E /* Sources */,
				1713D437306155CB003FB40E /* Frameworks */,
				1713D438306155CB003FB40E /* Resources */,
			);
			buildRules = (
			);
			dependencies = (
				1713D43C306155CB003FB40E /* PBXTargetDependency */,
			);
			fileSystemSynchronizedGroups = (
				1713D43D306155CB003FB40E /* ProblyUITests */,
			);
			name = ProblyUITests;
			productName = ProblyUITests;
			productReference = 1713D43A306155CB003FB40E /* ProblyUITests.xctest */;
			productType = "com.apple.product-type.bundle.ui-testing";
		};
/* End PBXNativeTarget section */

/* Begin PBXProject section */
		1713D419306155CA003FB40E /* Project object */ = {
			isa = PBXProject;
			attributes = {
				BuildIndependentTargetsInParallel = 1;
				LastSwiftUpdateCheck = 2700;
				LastUpgradeCheck = 2700;
				TargetAttributes = {
					1713D420306155CA003FB40E = {
						CreatedOnToolsVersion = 27.0;
					};
					1713D42F306155CB003FB40E = {
						CreatedOnToolsVersion = 27.0;
						TestTargetID = 1713D420306155CA003FB40E;
					};
					1713D439306155CB003FB40E = {
						CreatedOnToolsVersion = 27.0;
						TestTargetID = 1713D420306155CA003FB40E;
					};
				};
			};
			buildConfigurationList = 1713D41C306155CA003FB40E /* Build configuration list for PBXProject "Probly" */;
			developmentRegion = en;
			hasScannedForEncodings = 0;
			knownRegions = (
				en,
				Base,
				ru,
			);
			mainGroup = 1713D418306155CA003FB40E;
			minimizedProjectReferenceProxies = 1;
			preferredProjectObjectVersion = 77;
			productRefGroup = 1713D422306155CA003FB40E /* Products */;
			projectDirPath = "";
			projectRoot = "";
			targets = (
				1713D420306155CA003FB40E /* Probly */,
				1713D42F306155CB003FB40E /* ProblyTests */,
				1713D439306155CB003FB40E /* ProblyUITests */,
			);
		};
/* End PBXProject section */

/* Begin PBXResourcesBuildPhase section */
		1713D41F306155CA003FB40E /* Resources */ = {
			isa = PBXResourcesBuildPhase;
			files = (
			);
		};
		1713D42E306155CB003FB40E /* Resources */ = {
			isa = PBXResourcesBuildPhase;
			files = (
			);
		};
		1713D438306155CB003FB40E /* Resources */ = {
			isa = PBXResourcesBuildPhase;
			files = (
			);
		};
/* End PBXResourcesBuildPhase section */

/* Begin PBXSourcesBuildPhase section */
		1713D41D306155CA003FB40E /* Sources */ = {
			isa = PBXSourcesBuildPhase;
			files = (
			);
		};
		1713D42C306155CB003FB40E /* Sources */ = {
			isa = PBXSourcesBuildPhase;
			files = (
			);
		};
		1713D436306155CB003FB40E /* Sources */ = {
			isa = PBXSourcesBuildPhase;
			files = (
			);
		};
/* End PBXSourcesBuildPhase section */

/* Begin PBXTargetDependency section */
		1713D432306155CB003FB40E /* PBXTargetDependency */ = {
			isa = PBXTargetDependency;
			target = 1713D420306155CA003FB40E /* Probly */;
			targetProxy = 1713D431306155CB003FB40E /* PBXContainerItemProxy */;
		};
		1713D43C306155CB003FB40E /* PBXTargetDependency */ = {
			isa = PBXTargetDependency;
			target = 1713D420306155CA003FB40E /* Probly */;
			targetProxy = 1713D43B306155CB003FB40E /* PBXContainerItemProxy */;
		};
/* End PBXTargetDependency section */

/* Begin XCBuildConfiguration section */
		1713D440306155CB003FB40E /* Debug configuration for PBXProject "Probly" */ = {
			isa = XCBuildConfiguration;
			buildSettings = {
				ALWAYS_SEARCH_USER_PATHS = NO;
				ASSETCATALOG_COMPILER_GENERATE_SWIFT_ASSET_SYMBOL_EXTENSIONS = YES;
				CLANG_ANALYZER_NONNULL = YES;
				CLANG_ANALYZER_NUMBER_OBJECT_CONVERSION = YES_AGGRESSIVE;
				CLANG_CXX_LANGUAGE_STANDARD = "gnu++20";
				CLANG_ENABLE_MODULES = YES;
				CLANG_ENABLE_OBJC_ARC = YES;
				CLANG_ENABLE_OBJC_WEAK = YES;
				CLANG_WARN_BLOCK_CAPTURE_AUTORELEASING = YES;
				CLANG_WARN_BOOL_CONVERSION = YES;
				CLANG_WARN_COMMA = YES;
				CLANG_WARN_CONSTANT_CONVERSION = YES;
				CLANG_WARN_DEPRECATED_OBJC_IMPLEMENTATIONS = YES;
				CLANG_WARN_DIRECT_OBJC_ISA_USAGE = YES_ERROR;
				CLANG_WARN_DOCUMENTATION_COMMENTS = YES;
				CLANG_WARN_EMPTY_BODY = YES;
				CLANG_WARN_ENUM_CONVERSION = YES;
				CLANG_WARN_INFINITE_RECURSION = YES;
				CLANG_WARN_INT_CONVERSION = YES;
				CLANG_WARN_NON_LITERAL_NULL_CONVERSION = YES;
				CLANG_WARN_OBJC_IMPLICIT_RETAIN_SELF = YES;
				CLANG_WARN_OBJC_LITERAL_CONVERSION = YES;
				CLANG_WARN_OBJC_ROOT_CLASS = YES_ERROR;
				CLANG_WARN_QUOTED_INCLUDE_IN_FRAMEWORK_HEADER = YES;
				CLANG_WARN_RANGE_LOOP_ANALYSIS = YES;
				CLANG_WARN_STRICT_PROTOTYPES = YES;
				CLANG_WARN_SUSPICIOUS_MOVE = YES;
				CLANG_WARN_UNGUARDED_AVAILABILITY = YES_AGGRESSIVE;
				CLANG_WARN_UNREACHABLE_CODE = YES;
				CLANG_WARN__DUPLICATE_METHOD_MATCH = YES;
				COPY_PHASE_STRIP = NO;
				DEBUG_INFORMATION_FORMAT = dwarf;
				DEVELOPMENT_TEAM = 23PNTF8UY2;
				ENABLE_STRICT_OBJC_MSGSEND = YES;
				ENABLE_TESTABILITY = YES;
				ENABLE_USER_SCRIPT_SANDBOXING = YES;
				GCC_C_LANGUAGE_STANDARD = gnu17;
				GCC_DYNAMIC_NO_PIC = NO;
				GCC_NO_COMMON_BLOCKS = YES;
				GCC_OPTIMIZATION_LEVEL = 0;
				GCC_PREPROCESSOR_DEFINITIONS = (
					"DEBUG=1",
					"$(inherited)",
				);
				GCC_WARN_64_TO_32_BIT_CONVERSION = YES;
				GCC_WARN_ABOUT_RETURN_TYPE = YES_ERROR;
				GCC_WARN_UNDECLARED_SELECTOR = YES;
				GCC_WARN_UNINITIALIZED_AUTOS = YES_AGGRESSIVE;
				GCC_WARN_UNUSED_FUNCTION = YES;
				GCC_WARN_UNUSED_VARIABLE = YES;
				IPHONEOS_DEPLOYMENT_TARGET = 27.0;
				LOCALIZATION_PREFERS_STRING_CATALOGS = YES;
				MTL_ENABLE_DEBUG_INFO = INCLUDE_SOURCE;
				MTL_FAST_MATH = YES;
				ONLY_ACTIVE_ARCH = YES;
				SDKROOT = iphoneos;
				SWIFT_ACTIVE_COMPILATION_CONDITIONS = "DEBUG $(inherited)";
				SWIFT_EMIT_LOC_STRINGS = YES;
				SWIFT_OPTIMIZATION_LEVEL = "-Onone";
			};
			name = Debug;
		};
		1713D441306155CB003FB40E /* Release configuration for PBXProject "Probly" */ = {
			isa = XCBuildConfiguration;
			buildSettings = {
				ALWAYS_SEARCH_USER_PATHS = NO;
				ASSETCATALOG_COMPILER_GENERATE_SWIFT_ASSET_SYMBOL_EXTENSIONS = YES;
				CLANG_ANALYZER_NONNULL = YES;
				CLANG_ANALYZER_NUMBER_OBJECT_CONVERSION = YES_AGGRESSIVE;
				CLANG_CXX_LANGUAGE_STANDARD = "gnu++20";
				CLANG_ENABLE_MODULES = YES;
				CLANG_ENABLE_OBJC_ARC = YES;
				CLANG_ENABLE_OBJC_WEAK = YES;
				CLANG_WARN_BLOCK_CAPTURE_AUTORELEASING = YES;
				CLANG_WARN_BOOL_CONVERSION = YES;
				CLANG_WARN_COMMA = YES;
				CLANG_WARN_CONSTANT_CONVERSION = YES;
				CLANG_WARN_DEPRECATED_OBJC_IMPLEMENTATIONS = YES;
				CLANG_WARN_DIRECT_OBJC_ISA_USAGE = YES_ERROR;
				CLANG_WARN_DOCUMENTATION_COMMENTS = YES;
				CLANG_WARN_EMPTY_BODY = YES;
				CLANG_WARN_ENUM_CONVERSION = YES;
				CLANG_WARN_INFINITE_RECURSION = YES;
				CLANG_WARN_INT_CONVERSION = YES;
				CLANG_WARN_NON_LITERAL_NULL_CONVERSION = YES;
				CLANG_WARN_OBJC_IMPLICIT_RETAIN_SELF = YES;
				CLANG_WARN_OBJC_LITERAL_CONVERSION = YES;
				CLANG_WARN_OBJC_ROOT_CLASS = YES_ERROR;
				CLANG_WARN_QUOTED_INCLUDE_IN_FRAMEWORK_HEADER = YES;
				CLANG_WARN_RANGE_LOOP_ANALYSIS = YES;
				CLANG_WARN_STRICT_PROTOTYPES = YES;
				CLANG_WARN_SUSPICIOUS_MOVE = YES;
				CLANG_WARN_UNGUARDED_AVAILABILITY = YES_AGGRESSIVE;
				CLANG_WARN_UNREACHABLE_CODE = YES;
				CLANG_WARN__DUPLICATE_METHOD_MATCH = YES;
				COPY_PHASE_STRIP = NO;
				DEBUG_INFORMATION_FORMAT = "dwarf-with-dsym";
				DEVELOPMENT_TEAM = 23PNTF8UY2;
				ENABLE_NS_ASSERTIONS = NO;
				ENABLE_STRICT_OBJC_MSGSEND = YES;
				ENABLE_USER_SCRIPT_SANDBOXING = YES;
				GCC_C_LANGUAGE_STANDARD = gnu17;
				GCC_NO_COMMON_BLOCKS = YES;
				GCC_WARN_64_TO_32_BIT_CONVERSION = YES;
				GCC_WARN_ABOUT_RETURN_TYPE = YES_ERROR;
				GCC_WARN_UNDECLARED_SELECTOR = YES;
				GCC_WARN_UNINITIALIZED_AUTOS = YES_AGGRESSIVE;
				GCC_WARN_UNUSED_FUNCTION = YES;
				GCC_WARN_UNUSED_VARIABLE = YES;
				IPHONEOS_DEPLOYMENT_TARGET = 27.0;
				LOCALIZATION_PREFERS_STRING_CATALOGS = YES;
				MTL_ENABLE_DEBUG_INFO = NO;
				MTL_FAST_MATH = YES;
				SDKROOT = iphoneos;
				SWIFT_COMPILATION_MODE = wholemodule;
				SWIFT_EMIT_LOC_STRINGS = YES;
				VALIDATE_PRODUCT = YES;
			};
			name = Release;
		};
		1713D443306155CB003FB40E /* Debug configuration for PBXNativeTarget "Probly" */ = {
			isa = XCBuildConfiguration;
			buildSettings = {
				ASSETCATALOG_COMPILER_APPICON_NAME = AppIcon;
				ASSETCATALOG_COMPILER_GLOBAL_ACCENT_COLOR_NAME = AccentColor;
				CODE_SIGN_STYLE = Automatic;
				CURRENT_PROJECT_VERSION = 1;
				DEVELOPMENT_TEAM = 23PNTF8UY2;
				ENABLE_PREVIEWS = YES;
				GENERATE_INFOPLIST_FILE = YES;
				INFOPLIST_KEY_LSApplicationCategoryType = "public.app-category.productivity";
				INFOPLIST_KEY_UIApplicationSceneManifest_Generation = YES;
				INFOPLIST_KEY_UIApplicationSupportsIndirectInputEvents = YES;
				INFOPLIST_KEY_UILaunchScreen_Generation = YES;
				INFOPLIST_KEY_UISupportedInterfaceOrientations = UIInterfaceOrientationPortrait;
				INFOPLIST_KEY_UISupportedInterfaceOrientations_iPad = "UIInterfaceOrientationLandscapeLeft UIInterfaceOrientationLandscapeRight UIInterfaceOrientationPortrait UIInterfaceOrientationPortraitUpsideDown";
				LD_RUNPATH_SEARCH_PATHS = (
					"$(inherited)",
					"@executable_path/Frameworks",
				);
				MARKETING_VERSION = 1.0;
				PRODUCT_BUNDLE_IDENTIFIER = red.skr.Probly;
				PRODUCT_NAME = "$(TARGET_NAME)";
				STRING_CATALOG_GENERATE_SYMBOLS = YES;
				SWIFT_APPROACHABLE_CONCURRENCY = YES;
				SWIFT_DEFAULT_ACTOR_ISOLATION = MainActor;
				SWIFT_EMIT_LOC_STRINGS = YES;
				SWIFT_UPCOMING_FEATURE_MEMBER_IMPORT_VISIBILITY = YES;
				SWIFT_VERSION = 5.0;
				TARGETED_DEVICE_FAMILY = "1,2";
			};
			name = Debug;
		};
		1713D444306155CB003FB40E /* Release configuration for PBXNativeTarget "Probly" */ = {
			isa = XCBuildConfiguration;
			buildSettings = {
				ASSETCATALOG_COMPILER_APPICON_NAME = AppIcon;
				ASSETCATALOG_COMPILER_GLOBAL_ACCENT_COLOR_NAME = AccentColor;
				CODE_SIGN_STYLE = Automatic;
				CURRENT_PROJECT_VERSION = 1;
				DEVELOPMENT_TEAM = 23PNTF8UY2;
				ENABLE_PREVIEWS = YES;
				GENERATE_INFOPLIST_FILE = YES;
				INFOPLIST_KEY_LSApplicationCategoryType = "public.app-category.productivity";
				INFOPLIST_KEY_UIApplicationSceneManifest_Generation = YES;
				INFOPLIST_KEY_UIApplicationSupportsIndirectInputEvents = YES;
				INFOPLIST_KEY_UILaunchScreen_Generation = YES;
				INFOPLIST_KEY_UISupportedInterfaceOrientations = UIInterfaceOrientationPortrait;
				INFOPLIST_KEY_UISupportedInterfaceOrientations_iPad = "UIInterfaceOrientationLandscapeLeft UIInterfaceOrientationLandscapeRight UIInterfaceOrientationPortrait UIInterfaceOrientationPortraitUpsideDown";
				LD_RUNPATH_SEARCH_PATHS = (
					"$(inherited)",
					"@executable_path/Frameworks",
				);
				MARKETING_VERSION = 1.0;
				PRODUCT_BUNDLE_IDENTIFIER = red.skr.Probly;
				PRODUCT_NAME = "$(TARGET_NAME)";
				STRING_CATALOG_GENERATE_SYMBOLS = YES;
				SWIFT_APPROACHABLE_CONCURRENCY = YES;
				SWIFT_DEFAULT_ACTOR_ISOLATION = MainActor;
				SWIFT_EMIT_LOC_STRINGS = YES;
				SWIFT_UPCOMING_FEATURE_MEMBER_IMPORT_VISIBILITY = YES;
				SWIFT_VERSION = 5.0;
				TARGETED_DEVICE_FAMILY = "1,2";
			};
			name = Release;
		};
		1713D446306155CB003FB40E /* Debug configuration for PBXNativeTarget "ProblyTests" */ = {
			isa = XCBuildConfiguration;
			buildSettings = {
				BUNDLE_LOADER = "$(TEST_HOST)";
				CODE_SIGN_STYLE = Automatic;
				CURRENT_PROJECT_VERSION = 1;
				DEVELOPMENT_TEAM = 23PNTF8UY2;
				GENERATE_INFOPLIST_FILE = YES;
				IPHONEOS_DEPLOYMENT_TARGET = 27.0;
				MARKETING_VERSION = 1.0;
				PRODUCT_BUNDLE_IDENTIFIER = red.skr.ProblyTests;
				PRODUCT_NAME = "$(TARGET_NAME)";
				STRING_CATALOG_GENERATE_SYMBOLS = NO;
				SWIFT_APPROACHABLE_CONCURRENCY = YES;
				SWIFT_EMIT_LOC_STRINGS = NO;
				SWIFT_UPCOMING_FEATURE_MEMBER_IMPORT_VISIBILITY = YES;
				SWIFT_VERSION = 5.0;
				TARGETED_DEVICE_FAMILY = "1,2";
				TEST_HOST = "$(BUILT_PRODUCTS_DIR)/Probly.app/$(BUNDLE_EXECUTABLE_FOLDER_PATH)/Probly";
			};
			name = Debug;
		};
		1713D447306155CB003FB40E /* Release configuration for PBXNativeTarget "ProblyTests" */ = {
			isa = XCBuildConfiguration;
			buildSettings = {
				BUNDLE_LOADER = "$(TEST_HOST)";
				CODE_SIGN_STYLE = Automatic;
				CURRENT_PROJECT_VERSION = 1;
				DEVELOPMENT_TEAM = 23PNTF8UY2;
				GENERATE_INFOPLIST_FILE = YES;
				IPHONEOS_DEPLOYMENT_TARGET = 27.0;
				MARKETING_VERSION = 1.0;
				PRODUCT_BUNDLE_IDENTIFIER = red.skr.ProblyTests;
				PRODUCT_NAME = "$(TARGET_NAME)";
				STRING_CATALOG_GENERATE_SYMBOLS = NO;
				SWIFT_APPROACHABLE_CONCURRENCY = YES;
				SWIFT_EMIT_LOC_STRINGS = NO;
				SWIFT_UPCOMING_FEATURE_MEMBER_IMPORT_VISIBILITY = YES;
				SWIFT_VERSION = 5.0;
				TARGETED_DEVICE_FAMILY = "1,2";
				TEST_HOST = "$(BUILT_PRODUCTS_DIR)/Probly.app/$(BUNDLE_EXECUTABLE_FOLDER_PATH)/Probly";
			};
			name = Release;
		};
		1713D449306155CB003FB40E /* Debug configuration for PBXNativeTarget "ProblyUITests" */ = {
			isa = XCBuildConfiguration;
			buildSettings = {
				CODE_SIGN_STYLE = Automatic;
				CURRENT_PROJECT_VERSION = 1;
				DEVELOPMENT_TEAM = 23PNTF8UY2;
				GENERATE_INFOPLIST_FILE = YES;
				MARKETING_VERSION = 1.0;
				PRODUCT_BUNDLE_IDENTIFIER = red.skr.ProblyUITests;
				PRODUCT_NAME = "$(TARGET_NAME)";
				STRING_CATALOG_GENERATE_SYMBOLS = NO;
				SWIFT_APPROACHABLE_CONCURRENCY = YES;
				SWIFT_EMIT_LOC_STRINGS = NO;
				SWIFT_UPCOMING_FEATURE_MEMBER_IMPORT_VISIBILITY = YES;
				SWIFT_VERSION = 5.0;
				TARGETED_DEVICE_FAMILY = "1,2";
				TEST_TARGET_NAME = Probly;
			};
			name = Debug;
		};
		1713D44A306155CB003FB40E /* Release configuration for PBXNativeTarget "ProblyUITests" */ = {
			isa = XCBuildConfiguration;
			buildSettings = {
				CODE_SIGN_STYLE = Automatic;
				CURRENT_PROJECT_VERSION = 1;
				DEVELOPMENT_TEAM = 23PNTF8UY2;
				GENERATE_INFOPLIST_FILE = YES;
				MARKETING_VERSION = 1.0;
				PRODUCT_BUNDLE_IDENTIFIER = red.skr.ProblyUITests;
				PRODUCT_NAME = "$(TARGET_NAME)";
				STRING_CATALOG_GENERATE_SYMBOLS = NO;
				SWIFT_APPROACHABLE_CONCURRENCY = YES;
				SWIFT_EMIT_LOC_STRINGS = NO;
				SWIFT_UPCOMING_FEATURE_MEMBER_IMPORT_VISIBILITY = YES;
				SWIFT_VERSION = 5.0;
				TARGETED_DEVICE_FAMILY = "1,2";
				TEST_TARGET_NAME = Probly;
			};
			name = Release;
		};
/* End XCBuildConfiguration section */

/* Begin XCConfigurationList section */
		1713D41C306155CA003FB40E /* Build configuration list for PBXProject "Probly" */ = {
			isa = XCConfigurationList;
			buildConfigurations = (
				1713D440306155CB003FB40E /* Debug configuration for PBXProject "Probly" */,
				1713D441306155CB003FB40E /* Release configuration for PBXProject "Probly" */,
			);
			defaultConfigurationName = Release;
		};
		1713D442306155CB003FB40E /* Build configuration list for PBXNativeTarget "Probly" */ = {
			isa = XCConfigurationList;
			buildConfigurations = (
				1713D443306155CB003FB40E /* Debug configuration for PBXNativeTarget "Probly" */,
				1713D444306155CB003FB40E /* Release configuration for PBXNativeTarget "Probly" */,
			);
			defaultConfigurationName = Release;
		};
		1713D445306155CB003FB40E /* Build configuration list for PBXNativeTarget "ProblyTests" */ = {
			isa = XCConfigurationList;
			buildConfigurations = (
				1713D446306155CB003FB40E /* Debug configuration for PBXNativeTarget "ProblyTests" */,
				1713D447306155CB003FB40E /* Release configuration for PBXNativeTarget "ProblyTests" */,
			);
			defaultConfigurationName = Release;
		};
		1713D448306155CB003FB40E /* Build configuration list for PBXNativeTarget "ProblyUITests" */ = {
			isa = XCConfigurationList;
			buildConfigurations = (
				1713D449306155CB003FB40E /* Debug configuration for PBXNativeTarget "ProblyUITests" */,
				1713D44A306155CB003FB40E /* Release configuration for PBXNativeTarget "ProblyUITests" */,
			);
			defaultConfigurationName = Release;
		};
/* End XCConfigurationList section */
	};
	rootObject = 1713D419306155CA003FB40E /* Project object */;
	validationLevel = 1;
}
